
Microsoft Visual Studio Solution File, Format Version 12.00
# Visual Studio 15
VisualStudioVersion = 15.0.26730.16
MinimumVisualStudioVersion = 10.0.40219.1
Project("{FAE04EC0-301F-11D3-BF4B-00C04F79EFBC}") = "ADAA", "ADAA\ADAA.csproj", "{FA80379E-F528-45B6-8AE4-109F1E0216C5}"
EndProject
Global
	GlobalSection(SolutionConfigurationPlatforms) = preSolution
		Debug|Any CPU = Debug|Any CPU
		Release|Any CPU = Release|Any CPU
	EndGlobalSection
	GlobalSection(ProjectConfigurationPlatforms) = postSolution
		{FA80379E-F528-45B6-8AE4-109F1E0216C5}.Debug|Any CPU.ActiveCfg = Debug|Any CPU
		{FA80379E-F528-45B6-8AE4-109F1E0216C5}.Debug|Any CPU.Build.0 = Debug|Any CPU
		{FA80379E-F528-45B6-8AE4-109F1E0216C5}.Release|Any CPU.ActiveCfg = Release|Any CPU
		{FA80379E-F528-45B6-8AE4-109F1E0216C5}.Release|Any CPU.Build.0 = Release|Any CPU
	EndGlobalSection
	GlobalSection(SolutionProperties) = preSolution
		HideSolutionNode = FALSE
	EndGlobalSection
	GlobalSection(ExtensibilityGlobals) = postSolution
		SolutionGuid = {2140D094-6BE7-475E-8CC2-F8AFCF5ED7AE}
	EndGlobalSection
EndGlobal
